{
  "name": "bs5",
  "version": "1.0.0",
  "lockfileVersion": 2,
  "requires": true,
  "packages": {
    "": {
      "name": "bs5",
      "version": "1.0.0",
      "license": "ISC",
      "dependencies": {
        "bootstrap": "^5.0.0-alpha1",
        "bootstrap-icons": "^1.0.0-alpha4"
      }
    },
    "node_modules/bootstrap": {
      "version": "5.0.0-alpha1",
      "resolved": "https://registry.npmjs.org/bootstrap/-/bootstrap-5.0.0-alpha1.tgz",
      "integrity": "sha512-iwKneP2pLXl8lN0YpnOuOARiNPTzmh/4cw+Un86u4OqrMLuQpyMC7nO07hvivvcg0B/ektJPjuPnS1s+YmRK9A=="
    },
    "node_modules/bootstrap-icons": {
      "version": "1.0.0-alpha4",
      "resolved": "https://registry.npmjs.org/bootstrap-icons/-/bootstrap-icons-1.0.0-alpha4.tgz",
      "integrity": "sha512-UcpSUPsvUiW7ueBQfXZSgknJv/rj060dglhWIRPjkLjUWa32jMWqsLXO8tXY2od4Ew6cuh0BJ3f8VOhQPVY4mA==",
      "engines": {
        "node": ">=10"
      }
    }
  },
  "dependencies": {
    "bootstrap": {
      "version": "5.0.0-alpha1",
      "resolved": "https://registry.npmjs.org/bootstrap/-/bootstrap-5.0.0-alpha1.tgz",
      "integrity": "sha512-iwKneP2pLXl8lN0YpnOuOARiNPTzmh/4cw+Un86u4OqrMLuQpyMC7nO07hvivvcg0B/ektJPjuPnS1s+YmRK9A=="
    },
    "bootstrap-icons": {
      "version": "1.0.0-alpha4",
      "resolved": "https://registry.npmjs.org/bootstrap-icons/-/bootstrap-icons-1.0.0-alpha4.tgz",
      "integrity": "sha512-UcpSUPsvUiW7ueBQfXZSgknJv/rj060dglhWIRPjkLjUWa32jMWqsLXO8tXY2od4Ew6cuh0BJ3f8VOhQPVY4mA=="
    }
  }
}
